
Microsoft Visual Studio Solution File, Format Version 11.00
# Visual Studio 2010
Project("{FAE04EC0-301F-11D3-BF4B-00C04F79EFBC}") = "Conquest Client", "Assembly-CSharp.csproj", "{44C12731-4191-23D0-419D-EB8ACAF62DFC}"
EndProject
Global
	GlobalSection(SolutionConfigurationPlatforms) = preSolution
		Debug|Any CPU = Debug|Any CPU
		Release|Any CPU = Release|Any CPU
	EndGlobalSection
	GlobalSection(ProjectConfigurationPlatforms) = postSolution
		{44C12731-4191-23D0-419D-EB8ACAF62DFC}.Debug|Any CPU.ActiveCfg = Debug|Any CPU
		{44C12731-4191-23D0-419D-EB8ACAF62DFC}.Debug|Any CPU.Build.0 = Debug|Any CPU
		{44C12731-4191-23D0-419D-EB8ACAF62DFC}.Release|Any CPU.ActiveCfg = Release|Any CPU
		{44C12731-4191-23D0-419D-EB8ACAF62DFC}.Release|Any CPU.Build.0 = Release|Any CPU
	EndGlobalSection
	GlobalSection(SolutionProperties) = preSolution
		HideSolutionNode = FALSE
	EndGlobalSection
	GlobalSection(MonoDevelopProperties) = preSolution
		StartupItem = Assembly-CSharp.csproj
	EndGlobalSection
EndGlobal
